PODS:
  - Capacitor (5.0.5):
    - CapacitorCordova
  - CapacitorApp (5.0.3):
    - Capacitor
  - CapacitorBrowser (5.0.5):
    - Capacitor
  - CapacitorCordova (5.0.5)
  - CapacitorHaptics (5.0.4):
    - Capacitor
  - CapacitorKeyboard (5.0.4):
    - Capacitor
  - CapacitorStatusBar (5.0.4):
    - Capacitor
  - CordovaPlugins (5.0.5):
    - CapacitorCordova
    - MSAL
  - MSAL (1.2.5):
    - MSAL/app-lib (= 1.2.5)
  - MSAL/app-lib (1.2.5)

DEPENDENCIES:
  - "Capacitor (from `../../node_modules/@capacitor/ios`)"
  - "CapacitorApp (from `../../node_modules/@capacitor/app`)"
  - "CapacitorBrowser (from `../../node_modules/@capacitor/browser`)"
  - "CapacitorCordova (from `../../node_modules/@capacitor/ios`)"
  - "CapacitorHaptics (from `../../node_modules/@capacitor/haptics`)"
  - "CapacitorKeyboard (from `../../node_modules/@capacitor/keyboard`)"
  - "CapacitorStatusBar (from `../../node_modules/@capacitor/status-bar`)"
  - CordovaPlugins (from `../capacitor-cordova-ios-plugins`)

SPEC REPOS:
  trunk:
    - MSAL

EXTERNAL SOURCES:
  Capacitor:
    :path: "../../node_modules/@capacitor/ios"
  CapacitorApp:
    :path: "../../node_modules/@capacitor/app"
  CapacitorBrowser:
    :path: "../../node_modules/@capacitor/browser"
  CapacitorCordova:
    :path: "../../node_modules/@capacitor/ios"
  CapacitorHaptics:
    :path: "../../node_modules/@capacitor/haptics"
  CapacitorKeyboard:
    :path: "../../node_modules/@capacitor/keyboard"
  CapacitorStatusBar:
    :path: "../../node_modules/@capacitor/status-bar"
  CordovaPlugins:
    :path: "../capacitor-cordova-ios-plugins"

SPEC CHECKSUMS:
  Capacitor: b1248915663add1bd6567e2b67c1c1fa3abcf5e8
  CapacitorApp: 7a5dec8b33573707164b293475d5c89ba684364a
  CapacitorBrowser: c08582e15086d4195f8e7808a6738b0499b6d52a
  CapacitorCordova: f8c06b897c74ee8f7701fe10e6443b40822bc83a
  CapacitorHaptics: e36653b37326d71bb35ae42b944124037dbc3d97
  CapacitorKeyboard: d1b25fde6f19744ad09c890862aefc6e2a7ded3d
  CapacitorStatusBar: 190e0321b8734f4244d0c81baa183a00d5806ddf
  CordovaPlugins: 9df9bc57bbeae1d20d5609c68d2a07b2ebcf2990
  MSAL: 5149daaa19228c2c27d81987634da15b50981cef

PODFILE CHECKSUM: c219c65ff3e37839b75c153e658c1dea17161a38

COCOAPODS: 1.12.1
